github.com/alexwennerberg/rrd v0.0.0-20250523034431-0a0c1035d1b7 h1:8mesUOu+ku++t5sqgnHsJaRp8sUToWfkjMeRIZP7cv4=
github.com/alexwennerberg/rrd v0.0.0-20250523034431-0a0c1035d1b7/go.mod h1:bmhy/qrjGBEKV1LgNv8auvgxhnl1XDV2Ki9LjPVAerA=
github.com/go-chi/chi v1.5.5 h1:vOB/HbEMt9QqBqErz07QehcOKHaWFtuj87tTDVz2qXE=
github.com/go-chi/chi v1.5.5/go.mod h1:C9JqLr3tIYjDOZpzn+BCuxY8z8vmca43EeMgyZt7irw=
github.com/go-chi/chi/v5 v5.2.1 h1:KOIHODQj58PmL80G2Eak4WdvUzjSJSm0vG72crDCqb8=
github.com/go-chi/chi/v5 v5.2.1/go.mod h1:L2yAIGWB3H+phAw1NxKwWM+7eUH/lU8pOMm5hHcoops=
